
Microsoft Visual Studio Solution File, Format Version 12.00
# Visual Studio Version 16
VisualStudioVersion = 16.0.30503.244
MinimumVisualStudioVersion = 10.0.40219.1
Project("{FAE04EC0-301F-11D3-BF4B-00C04F79EFBC}") = "ForLoopsGroup2", "ForLoopsGroup2\ForLoopsGroup2.csproj", "{A89C3551-0DDB-4B24-BF23-64EB1495BEDF}"
EndProject
Global
	GlobalSection(SolutionConfigurationPlatforms) = preSolution
		Debug|Any CPU = Debug|Any CPU
		Release|Any CPU = Release|Any CPU
	EndGlobalSection
	GlobalSection(ProjectConfigurationPlatforms) = postSolution
		{A89C3551-0DDB-4B24-BF23-64EB1495BEDF}.Debug|Any CPU.ActiveCfg = Debug|Any CPU
		{A89C3551-0DDB-4B24-BF23-64EB1495BEDF}.Debug|Any CPU.Build.0 = Debug|Any CPU
		{A89C3551-0DDB-4B24-BF23-64EB1495BEDF}.Release|Any CPU.ActiveCfg = Release|Any CPU
		{A89C3551-0DDB-4B24-BF23-64EB1495BEDF}.Release|Any CPU.Build.0 = Release|Any CPU
	EndGlobalSection
	GlobalSection(SolutionProperties) = preSolution
		HideSolutionNode = FALSE
	EndGlobalSection
	GlobalSection(ExtensibilityGlobals) = postSolution
		SolutionGuid = {C917F619-8950-4497-87F8-2DFFA6F9A169}
	EndGlobalSection
EndGlobal
